
Microsoft Visual Studio Solution File, Format Version 12.00
# Visual Studio Version 17
VisualStudioVersion = 17.0.31903.59
MinimumVisualStudioVersion = 10.0.40219.1
Project("{FAE04EC0-301F-11D3-BF4B-00C04F79EFBC}") = "Classwork15Nov", "Classwork15Nov\Classwork15Nov.csproj", "{ACA84FF2-ADF1-45FF-9EEC-94CEAC48C877}"
EndProject
Global
	GlobalSection(SolutionConfigurationPlatforms) = preSolution
		Debug|Any CPU = Debug|Any CPU
		Release|Any CPU = Release|Any CPU
	EndGlobalSection
	GlobalSection(ProjectConfigurationPlatforms) = postSolution
		{ACA84FF2-ADF1-45FF-9EEC-94CEAC48C877}.Debug|Any CPU.ActiveCfg = Debug|Any CPU
		{ACA84FF2-ADF1-45FF-9EEC-94CEAC48C877}.Debug|Any CPU.Build.0 = Debug|Any CPU
		{ACA84FF2-ADF1-45FF-9EEC-94CEAC48C877}.Release|Any CPU.ActiveCfg = Release|Any CPU
		{ACA84FF2-ADF1-45FF-9EEC-94CEAC48C877}.Release|Any CPU.Build.0 = Release|Any CPU
	EndGlobalSection
	GlobalSection(SolutionProperties) = preSolution
		HideSolutionNode = FALSE
	EndGlobalSection
	GlobalSection(ExtensibilityGlobals) = postSolution
		SolutionGuid = {A22CD0A8-6673-4C62-895B-49143B585088}
	EndGlobalSection
EndGlobal
