
Microsoft Visual Studio Solution File, Format Version 12.00
# Visual Studio Version 17
VisualStudioVersion = 17.0.31903.59
MinimumVisualStudioVersion = 10.0.40219.1
Project("{FAE04EC0-301F-11D3-BF4B-00C04F79EFBC}") = "HighestScoringWord", "HighestScoringWord\HighestScoringWord.csproj", "{CAFB9997-E3C7-49C4-AB5E-09A9BEB0C5C7}"
EndProject
Global
	GlobalSection(SolutionConfigurationPlatforms) = preSolution
		Debug|Any CPU = Debug|Any CPU
		Release|Any CPU = Release|Any CPU
	EndGlobalSection
	GlobalSection(ProjectConfigurationPlatforms) = postSolution
		{CAFB9997-E3C7-49C4-AB5E-09A9BEB0C5C7}.Debug|Any CPU.ActiveCfg = Debug|Any CPU
		{CAFB9997-E3C7-49C4-AB5E-09A9BEB0C5C7}.Debug|Any CPU.Build.0 = Debug|Any CPU
		{CAFB9997-E3C7-49C4-AB5E-09A9BEB0C5C7}.Release|Any CPU.ActiveCfg = Release|Any CPU
		{CAFB9997-E3C7-49C4-AB5E-09A9BEB0C5C7}.Release|Any CPU.Build.0 = Release|Any CPU
	EndGlobalSection
	GlobalSection(SolutionProperties) = preSolution
		HideSolutionNode = FALSE
	EndGlobalSection
	GlobalSection(ExtensibilityGlobals) = postSolution
		SolutionGuid = {F34395FC-1891-4F07-A111-5F8AB777777F}
	EndGlobalSection
EndGlobal
