
Microsoft Visual Studio Solution File, Format Version 12.00
# Visual Studio Version 17
VisualStudioVersion = 17.0.31903.59
MinimumVisualStudioVersion = 10.0.40219.1
Project("{FAE04EC0-301F-11D3-BF4B-00C04F79EFBC}") = "HospitalLbKg", "HospitalLbKg\HospitalLbKg.csproj", "{675EBFFC-0C85-4EC9-B13D-9F33E597454B}"
EndProject
Global
	GlobalSection(SolutionConfigurationPlatforms) = preSolution
		Debug|Any CPU = Debug|Any CPU
		Release|Any CPU = Release|Any CPU
	EndGlobalSection
	GlobalSection(ProjectConfigurationPlatforms) = postSolution
		{675EBFFC-0C85-4EC9-B13D-9F33E597454B}.Debug|Any CPU.ActiveCfg = Debug|Any CPU
		{675EBFFC-0C85-4EC9-B13D-9F33E597454B}.Debug|Any CPU.Build.0 = Debug|Any CPU
		{675EBFFC-0C85-4EC9-B13D-9F33E597454B}.Release|Any CPU.ActiveCfg = Release|Any CPU
		{675EBFFC-0C85-4EC9-B13D-9F33E597454B}.Release|Any CPU.Build.0 = Release|Any CPU
	EndGlobalSection
	GlobalSection(SolutionProperties) = preSolution
		HideSolutionNode = FALSE
	EndGlobalSection
	GlobalSection(ExtensibilityGlobals) = postSolution
		SolutionGuid = {FBB5AA22-F965-4AE6-A6F0-D3A9B10BF87E}
	EndGlobalSection
EndGlobal
