
Microsoft Visual Studio Solution File, Format Version 12.00
# Visual Studio Version 17
VisualStudioVersion = 17.0.31903.59
MinimumVisualStudioVersion = 10.0.40219.1
Project("{FAE04EC0-301F-11D3-BF4B-00C04F79EFBC}") = "InStyle", "InStyle\InStyle.csproj", "{20587D9E-D3CC-497B-9D91-E1BEACBFB57A}"
EndProject
Global
	GlobalSection(SolutionConfigurationPlatforms) = preSolution
		Debug|Any CPU = Debug|Any CPU
		Release|Any CPU = Release|Any CPU
	EndGlobalSection
	GlobalSection(ProjectConfigurationPlatforms) = postSolution
		{20587D9E-D3CC-497B-9D91-E1BEACBFB57A}.Debug|Any CPU.ActiveCfg = Debug|Any CPU
		{20587D9E-D3CC-497B-9D91-E1BEACBFB57A}.Debug|Any CPU.Build.0 = Debug|Any CPU
		{20587D9E-D3CC-497B-9D91-E1BEACBFB57A}.Release|Any CPU.ActiveCfg = Release|Any CPU
		{20587D9E-D3CC-497B-9D91-E1BEACBFB57A}.Release|Any CPU.Build.0 = Release|Any CPU
	EndGlobalSection
	GlobalSection(SolutionProperties) = preSolution
		HideSolutionNode = FALSE
	EndGlobalSection
	GlobalSection(ExtensibilityGlobals) = postSolution
		SolutionGuid = {D05CE31E-EE55-4C1F-9819-C615D68D0542}
	EndGlobalSection
EndGlobal
