
Microsoft Visual Studio Solution File, Format Version 12.00
# Visual Studio Version 17
VisualStudioVersion = 17.0.31903.59
MinimumVisualStudioVersion = 10.0.40219.1
Project("{FAE04EC0-301F-11D3-BF4B-00C04F79EFBC}") = "project for class 096 nov 2021", "project for class 096 nov 2021.csproj", "{1D1216BA-3741-48D1-AD59-0CFE1F85F6DA}"
EndProject
Global
	GlobalSection(SolutionConfigurationPlatforms) = preSolution
		Debug|Any CPU = Debug|Any CPU
		Release|Any CPU = Release|Any CPU
	EndGlobalSection
	GlobalSection(ProjectConfigurationPlatforms) = postSolution
		{1D1216BA-3741-48D1-AD59-0CFE1F85F6DA}.Debug|Any CPU.ActiveCfg = Debug|Any CPU
		{1D1216BA-3741-48D1-AD59-0CFE1F85F6DA}.Debug|Any CPU.Build.0 = Debug|Any CPU
		{1D1216BA-3741-48D1-AD59-0CFE1F85F6DA}.Release|Any CPU.ActiveCfg = Release|Any CPU
		{1D1216BA-3741-48D1-AD59-0CFE1F85F6DA}.Release|Any CPU.Build.0 = Release|Any CPU
	EndGlobalSection
	GlobalSection(SolutionProperties) = preSolution
		HideSolutionNode = FALSE
	EndGlobalSection
	GlobalSection(ExtensibilityGlobals) = postSolution
		SolutionGuid = {6BD99431-2027-42F5-BBE4-F3586F6E0A9B}
	EndGlobalSection
EndGlobal
